// !$*UTF8*$!
{
	archiveVersion = 1;
	classes = {
	};
	objectVersion = 56;
	objects = {

/* Begin PBXBuildFile section */
		8B6C3A172A1902A5000126BA /* Slot_MachineApp.swift in Sources */ = {isa = PBXBuildFile; fileRef = 8B6C3A162A1902A5000126BA /* Slot_MachineApp.swift */; };
		8B6C3A192A1902A5000126BA /* ContentView.swift in Sources */ = {isa = PBXBuildFile; fileRef = 8B6C3A182A1902A5000126BA /* ContentView.swift */; };
		8B6C3A1B2A1902A6000126BA /* Assets.xcassets in Resources */ = {isa = PBXBuildFile; fileRef = 8B6C3A1A2A1902A6000126BA /* Assets.xcassets */; };
		8B6C3A1E2A1902A6000126BA /* Preview Assets.xcassets in Resources */ = {isa = PBXBuildFile; fileRef = 8B6C3A1D2A1902A6000126BA /* Preview Assets.xcassets */; };
		8B6C3A2C2A1903FB000126BA /* high-score.mp3 in Resources */ = {isa = PBXBuildFile; fileRef = 8B6C3A242A1903FA000126BA /* high-score.mp3 */; };
		8B6C3A2D2A1903FB000126BA /* game-over.mp3 in Resources */ = {isa = PBXBuildFile; fileRef = 8B6C3A252A1903FA000126BA /* game-over.mp3 */; };
		8B6C3A2E2A1903FB000126BA /* casino-chips.mp3 in Resources */ = {isa = PBXBuildFile; fileRef = 8B6C3A262A1903FA000126BA /* casino-chips.mp3 */; };
		8B6C3A2F2A1903FB000126BA /* riseup.mp3 in Resources */ = {isa = PBXBuildFile; fileRef = 8B6C3A272A1903FA000126BA /* riseup.mp3 */; };
		8B6C3A302A1903FB000126BA /* win.mp3 in Resources */ = {isa = PBXBuildFile; fileRef = 8B6C3A282A1903FA000126BA /* win.mp3 */; };
		8B6C3A312A1903FB000126BA /* spin.mp3 in Resources */ = {isa = PBXBuildFile; fileRef = 8B6C3A292A1903FB000126BA /* spin.mp3 */; };
		8B6C3A322A1903FB000126BA /* chimeup.mp3 in Resources */ = {isa = PBXBuildFile; fileRef = 8B6C3A2A2A1903FB000126BA /* chimeup.mp3 */; };
		8B6C3A332A1903FB000126BA /* background-music.mp3 in Resources */ = {isa = PBXBuildFile; fileRef = 8B6C3A2B2A1903FB000126BA /* background-music.mp3 */; };
		8BAD55B02A190750009CD7FC /* LogoView.swift in Sources */ = {isa = PBXBuildFile; fileRef = 8BAD55AF2A190750009CD7FC /* LogoView.swift */; };
		8BAD55B22A19079C009CD7FC /* Modifiers.swift in Sources */ = {isa = PBXBuildFile; fileRef = 8BAD55B12A19079C009CD7FC /* Modifiers.swift */; };
		8BAD55B42A193426009CD7FC /* Extensions.swift in Sources */ = {isa = PBXBuildFile; fileRef = 8BAD55B32A193426009CD7FC /* Extensions.swift */; };
		8BAD55B62A1943A5009CD7FC /* ReelView.swift in Sources */ = {isa = PBXBuildFile; fileRef = 8BAD55B52A1943A5009CD7FC /* ReelView.swift */; };
		8BAD55B82A194C29009CD7FC /* InfoView.swift in Sources */ = {isa = PBXBuildFile; fileRef = 8BAD55B72A194C29009CD7FC /* InfoView.swift */; };
		8BAD55BA2A1A9763009CD7FC /* ContentViewModel.swift in Sources */ = {isa = PBXBuildFile; fileRef = 8BAD55B92A1A9763009CD7FC /* ContentViewModel.swift */; };
/* End PBXBuildFile section */

/* Begin PBXFileReference section */
		8B6C3A132A1902A5000126BA /* Slot Machine.app */ = {isa = PBXFileReference; explicitFileType = wrapper.application; includeInIndex = 0; path = "Slot Machine.app"; sourceTree = BUILT_PRODUCTS_DIR; };
		8B6C3A162A1902A5000126BA /* Slot_MachineApp.swift */ = {isa = PBXFileReference; lastKnownFileType = sourcecode.swift; path = Slot_MachineApp.swift; sourceTree = "<group>"; };
		8B6C3A182A1902A5000126BA /* ContentView.swift */ = {isa = PBXFileReference; lastKnownFileType = sourcecode.swift; path = ContentView.swift; sourceTree = "<group>"; };
		8B6C3A1A2A1902A6000126BA /* Assets.xcassets */ = {isa = PBXFileReference; lastKnownFileType = folder.assetcatalog; path = Assets.xcassets; sourceTree = "<group>"; };
		8B6C3A1D2A1902A6000126BA /* Preview Assets.xcassets */ = {isa = PBXFileReference; lastKnownFileType = folder.assetcatalog; path = "Preview Assets.xcassets"; sourceTree = "<group>"; };
		8B6C3A242A1903FA000126BA /* high-score.mp3 */ = {isa = PBXFileReference; lastKnownFileType = audio.mp3; path = "high-score.mp3"; sourceTree = "<group>"; };
		8B6C3A252A1903FA000126BA /* game-over.mp3 */ = {isa = PBXFileReference; lastKnownFileType = audio.mp3; path = "game-over.mp3"; sourceTree = "<group>"; };
		8B6C3A262A1903FA000126BA /* casino-chips.mp3 */ = {isa = PBXFileReference; lastKnownFileType = audio.mp3; path = "casino-chips.mp3"; sourceTree = "<group>"; };
		8B6C3A272A1903FA000126BA /* riseup.mp3 */ = {isa = PBXFileReference; lastKnownFileType = audio.mp3; path = riseup.mp3; sourceTree = "<group>"; };
		8B6C3A282A1903FA000126BA /* win.mp3 */ = {isa = PBXFileReference; lastKnownFileType = audio.mp3; path = win.mp3; sourceTree = "<group>"; };
		8B6C3A292A1903FB000126BA /* spin.mp3 */ = {isa = PBXFileReference; lastKnownFileType = audio.mp3; path = spin.mp3; sourceTree = "<group>"; };
		8B6C3A2A2A1903FB000126BA /* chimeup.mp3 */ = {isa = PBXFileReference; lastKnownFileType = audio.mp3; path = chimeup.mp3; sourceTree = "<group>"; };
		8B6C3A2B2A1903FB000126BA /* background-music.mp3 */ = {isa = PBXFileReference; lastKnownFileType = audio.mp3; path = "background-music.mp3"; sourceTree = "<group>"; };
		8BAD55AC2A1904C1009CD7FC /* Slot-Machine-Info.plist */ = {isa = PBXFileReference; lastKnownFileType = text.plist; path = "Slot-Machine-Info.plist"; sourceTree = SOURCE_ROOT; };
		8BAD55AF2A190750009CD7FC /* LogoView.swift */ = {isa = PBXFileReference; lastKnownFileType = sourcecode.swift; path = LogoView.swift; sourceTree = "<group>"; };
		8BAD55B12A19079C009CD7FC /* Modifiers.swift */ = {isa = PBXFileReference; lastKnownFileType = sourcecode.swift; path = Modifiers.swift; sourceTree = "<group>"; };
		8BAD55B32A193426009CD7FC /* Extensions.swift */ = {isa = PBXFileReference; lastKnownFileType = sourcecode.swift; path = Extensions.swift; sourceTree = "<group>"; };
		8BAD55B52A1943A5009CD7FC /* ReelView.swift */ = {isa = PBXFileReference; lastKnownFileType = sourcecode.swift; path = ReelView.swift; sourceTree = "<group>"; };
		8BAD55B72A194C29009CD7FC /* InfoView.swift */ = {isa = PBXFileReference; lastKnownFileType = sourcecode.swift; path = InfoView.swift; sourceTree = "<group>"; };
		8BAD55B92A1A9763009CD7FC /* ContentViewModel.swift */ = {isa = PBXFileReference; lastKnownFileType = sourcecode.swift; path = ContentViewModel.swift; sourceTree = "<group>"; };
/* End PBXFileReference section */

/* Begin PBXFrameworksBuildPhase section */
		8B6C3A102A1902A5000126BA /* Frameworks */ = {
			isa = PBXFrameworksBuildPhase;
			buildActionMask = 2147483647;
			files = (
			);
			runOnlyForDeploymentPostprocessing = 0;
		};
/* End PBXFrameworksBuildPhase section */

/* Begin PBXGroup section */
		8B6C3A0A2A1902A5000126BA = {
			isa = PBXGroup;
			children = (
				8B6C3A152A1902A5000126BA /* Slot Machine */,
				8B6C3A142A1902A5000126BA /* Products */,
			);
			sourceTree = "<group>";
		};
		8B6C3A142A1902A5000126BA /* Products */ = {
			isa = PBXGroup;
			children = (
				8B6C3A132A1902A5000126BA /* Slot Machine.app */,
			);
			name = Products;
			sourceTree = "<group>";
		};
		8B6C3A152A1902A5000126BA /* Slot Machine */ = {
			isa = PBXGroup;
			children = (
				8BAD55AC2A1904C1009CD7FC /* Slot-Machine-Info.plist */,
				8B6C3A362A190424000126BA /* Helpers */,
				8B6C3A352A190419000126BA /* Views */,
				8B6C3A342A19040C000126BA /* Sounds */,
				8B6C3A162A1902A5000126BA /* Slot_MachineApp.swift */,
				8B6C3A1A2A1902A6000126BA /* Assets.xcassets */,
				8B6C3A1C2A1902A6000126BA /* Preview Content */,
			);
			path = "Slot Machine";
			sourceTree = "<group>";
		};
		8B6C3A1C2A1902A6000126BA /* Preview Content */ = {
			isa = PBXGroup;
			children = (
				8B6C3A1D2A1902A6000126BA /* Preview Assets.xcassets */,
			);
			path = "Preview Content";
			sourceTree = "<group>";
		};
		8B6C3A342A19040C000126BA /* Sounds */ = {
			isa = PBXGroup;
			children = (
				8B6C3A2B2A1903FB000126BA /* background-music.mp3 */,
				8B6C3A262A1903FA000126BA /* casino-chips.mp3 */,
				8B6C3A2A2A1903FB000126BA /* chimeup.mp3 */,
				8B6C3A252A1903FA000126BA /* game-over.mp3 */,
				8B6C3A242A1903FA000126BA /* high-score.mp3 */,
				8B6C3A272A1903FA000126BA /* riseup.mp3 */,
				8B6C3A292A1903FB000126BA /* spin.mp3 */,
				8B6C3A282A1903FA000126BA /* win.mp3 */,
			);
			path = Sounds;
			sourceTree = "<group>";
		};
		8B6C3A352A190419000126BA /* Views */ = {
			isa = PBXGroup;
			children = (
				8B6C3A182A1902A5000126BA /* ContentView.swift */,
				8BAD55AF2A190750009CD7FC /* LogoView.swift */,
				8BAD55B52A1943A5009CD7FC /* ReelView.swift */,
				8BAD55B72A194C29009CD7FC /* InfoView.swift */,
				8BAD55B92A1A9763009CD7FC /* ContentViewModel.swift */,
			);
			path = Views;
			sourceTree = "<group>";
		};
		8B6C3A362A190424000126BA /* Helpers */ = {
			isa = PBXGroup;
			children = (
				8BAD55B12A19079C009CD7FC /* Modifiers.swift */,
				8BAD55B32A193426009CD7FC /* Extensions.swift */,
			);
			path = Helpers;
			sourceTree = "<group>";
		};
/* End PBXGroup section */

/* Begin PBXNativeTarget section */
		8B6C3A122A1902A5000126BA /* Slot Machine */ = {
			isa = PBXNativeTarget;
			buildConfigurationList = 8B6C3A212A1902A6000126BA /* Build configuration list for PBXNativeTarget "Slot Machine" */;
			buildPhases = (
				8B6C3A0F2A1902A5000126BA /* Sources */,
				8B6C3A102A1902A5000126BA /* Frameworks */,
				8B6C3A112A1902A5000126BA /* Resources */,
			);
			buildRules = (
			);
			dependencies = (
			);
			name = "Slot Machine";
			productName = "Slot Machine";
			productReference = 8B6C3A132A1902A5000126BA /* Slot Machine.app */;
			productType = "com.apple.product-type.application";
		};
/* End PBXNativeTarget section */

/* Begin PBXProject section */
		8B6C3A0B2A1902A5000126BA /* Project object */ = {
			isa = PBXProject;
			attributes = {
				BuildIndependentTargetsInParallel = 1;
				LastSwiftUpdateCheck = 1430;
				LastUpgradeCheck = 1430;
				TargetAttributes = {
					8B6C3A122A1902A5000126BA = {
						CreatedOnToolsVersion = 14.3;
					};
				};
			};
			buildConfigurationList = 8B6C3A0E2A1902A5000126BA /* Build configuration list for PBXProject "Slot Machine" */;
			compatibilityVersion = "Xcode 14.0";
			developmentRegion = en;
			hasScannedForEncodings = 0;
			knownRegions = (
				en,
				Base,
			);
			mainGroup = 8B6C3A0A2A1902A5000126BA;
			productRefGroup = 8B6C3A142A1902A5000126BA /* Products */;
			projectDirPath = "";
			projectRoot = "";
			targets = (
				8B6C3A122A1902A5000126BA /* Slot Machine */,
			);
		};
/* End PBXProject section */

/* Begin PBXResourcesBuildPhase section */
		8B6C3A112A1902A5000126BA /* Resources */ = {
			isa = PBXResourcesBuildPhase;
			buildActionMask = 2147483647;
			files = (
				8B6C3A312A1903FB000126BA /* spin.mp3 in Resources */,
				8B6C3A2F2A1903FB000126BA /* riseup.mp3 in Resources */,
				8B6C3A332A1903FB000126BA /* background-music.mp3 in Resources */,
				8B6C3A1E2A1902A6000126BA /* Preview Assets.xcassets in Resources */,
				8B6C3A322A1903FB000126BA /* chimeup.mp3 in Resources */,
				8B6C3A302A1903FB000126BA /* win.mp3 in Resources */,
				8B6C3A1B2A1902A6000126BA /* Assets.xcassets in Resources */,
				8B6C3A2D2A1903FB000126BA /* game-over.mp3 in Resources */,
				8B6C3A2C2A1903FB000126BA /* high-score.mp3 in Resources */,
				8B6C3A2E2A1903FB000126BA /* casino-chips.mp3 in Resources */,
			);
			runOnlyForDeploymentPostprocessing = 0;
		};
/* End PBXResourcesBuildPhase section */

/* Begin PBXSourcesBuildPhase section */
		8B6C3A0F2A1902A5000126BA /* Sources */ = {
			isa = PBXSourcesBuildPhase;
			buildActionMask = 2147483647;
			files = (
				8BAD55BA2A1A9763009CD7FC /* ContentViewModel.swift in Sources */,
				8BAD55B62A1943A5009CD7FC /* ReelView.swift in Sources */,
				8BAD55B42A193426009CD7FC /* Extensions.swift in Sources */,
				8BAD55B22A19079C009CD7FC /* Modifiers.swift in Sources */,
				8B6C3A192A1902A5000126BA /* ContentView.swift in Sources */,
				8BAD55B02A190750009CD7FC /* LogoView.swift in Sources */,
				8B6C3A172A1902A5000126BA /* Slot_MachineApp.swift in Sources */,
				8BAD55B82A194C29009CD7FC /* InfoView.swift in Sources */,
			);
			runOnlyForDeploymentPostprocessing = 0;
		};
/* End PBXSourcesBuildPhase section */

/* Begin XCBuildConfiguration section */
		8B6C3A1F2A1902A6000126BA /* Debug */ = {
			isa = XCBuildConfiguration;
			buildSettings = {
				ALWAYS_SEARCH_USER_PATHS = NO;
				CLANG_ANALYZER_NONNULL = YES;
				CLANG_ANALYZER_NUMBER_OBJECT_CONVERSION = YES_AGGRESSIVE;
				CLANG_CXX_LANGUAGE_STANDARD = "gnu++20";
				CLANG_ENABLE_MODULES = YES;
				CLANG_ENABLE_OBJC_ARC = YES;
				CLANG_ENABLE_OBJC_WEAK = YES;
				CLANG_WARN_BLOCK_CAPTURE_AUTORELEASING = YES;
				CLANG_WARN_BOOL_CONVERSION = YES;
				CLANG_WARN_COMMA = YES;
				CLANG_WARN_CONSTANT_CONVERSION = YES;
				CLANG_WARN_DEPRECATED_OBJC_IMPLEMENTATIONS = YES;
				CLANG_WARN_DIRECT_OBJC_ISA_USAGE = YES_ERROR;
				CLANG_WARN_DOCUMENTATION_COMMENTS = YES;
				CLANG_WARN_EMPTY_BODY = YES;
				CLANG_WARN_ENUM_CONVERSION = YES;
				CLANG_WARN_INFINITE_RECURSION = YES;
				CLANG_WARN_INT_CONVERSION = YES;
				CLANG_WARN_NON_LITERAL_NULL_CONVERSION = YES;
				CLANG_WARN_OBJC_IMPLICIT_RETAIN_SELF = YES;
				CLANG_WARN_OBJC_LITERAL_CONVERSION = YES;
				CLANG_WARN_OBJC_ROOT_CLASS = YES_ERROR;
				CLANG_WARN_QUOTED_INCLUDE_IN_FRAMEWORK_HEADER = YES;
				CLANG_WARN_RANGE_LOOP_ANALYSIS = YES;
				CLANG_WARN_STRICT_PROTOTYPES = YES;
				CLANG_WARN_SUSPICIOUS_MOVE = YES;
				CLANG_WARN_UNGUARDED_AVAILABILITY = YES_AGGRESSIVE;
				CLANG_WARN_UNREACHABLE_CODE = YES;
				CLANG_WARN__DUPLICATE_METHOD_MATCH = YES;
				COPY_PHASE_STRIP = NO;
				DEBUG_INFORMATION_FORMAT = dwarf;
				ENABLE_STRICT_OBJC_MSGSEND = YES;
				ENABLE_TESTABILITY = YES;
				GCC_C_LANGUAGE_STANDARD = gnu11;
				GCC_DYNAMIC_NO_PIC = NO;
				GCC_NO_COMMON_BLOCKS = YES;
				GCC_OPTIMIZATION_LEVEL = 0;
				GCC_PREPROCESSOR_DEFINITIONS = (
					"DEBUG=1",
					"$(inherited)",
				);
				GCC_WARN_64_TO_32_BIT_CONVERSION = YES;
				GCC_WARN_ABOUT_RETURN_TYPE = YES_ERROR;
				GCC_WARN_UNDECLARED_SELECTOR = YES;
				GCC_WARN_UNINITIALIZED_AUTOS = YES_AGGRESSIVE;
				GCC_WARN_UNUSED_FUNCTION = YES;
				GCC_WARN_UNUSED_VARIABLE = YES;
				IPHONEOS_DEPLOYMENT_TARGET = 16.4;
				MTL_ENABLE_DEBUG_INFO = INCLUDE_SOURCE;
				MTL_FAST_MATH = YES;
				ONLY_ACTIVE_ARCH = YES;
				SDKROOT = iphoneos;
				SWIFT_ACTIVE_COMPILATION_CONDITIONS = DEBUG;
				SWIFT_OPTIMIZATION_LEVEL = "-Onone";
			};
			name = Debug;
		};
		8B6C3A202A1902A6000126BA /* Release */ = {
			isa = XCBuildConfiguration;
			buildSettings = {
				ALWAYS_SEARCH_USER_PATHS = NO;
				CLANG_ANALYZER_NONNULL = YES;
				CLANG_ANALYZER_NUMBER_OBJECT_CONVERSION = YES_AGGRESSIVE;
				CLANG_CXX_LANGUAGE_STANDARD = "gnu++20";
				CLANG_ENABLE_MODULES = YES;
				CLANG_ENABLE_OBJC_ARC = YES;
				CLANG_ENABLE_OBJC_WEAK = YES;
				CLANG_WARN_BLOCK_CAPTURE_AUTORELEASING = YES;
				CLANG_WARN_BOOL_CONVERSION = YES;
				CLANG_WARN_COMMA = YES;
				CLANG_WARN_CONSTANT_CONVERSION = YES;
				CLANG_WARN_DEPRECATED_OBJC_IMPLEMENTATIONS = YES;
				CLANG_WARN_DIRECT_OBJC_ISA_USAGE = YES_ERROR;
				CLANG_WARN_DOCUMENTATION_COMMENTS = YES;
				CLANG_WARN_EMPTY_BODY = YES;
				CLANG_WARN_ENUM_CONVERSION = YES;
				CLANG_WARN_INFINITE_RECURSION = YES;
				CLANG_WARN_INT_CONVERSION = YES;
				CLANG_WARN_NON_LITERAL_NULL_CONVERSION = YES;
				CLANG_WARN_OBJC_IMPLICIT_RETAIN_SELF = YES;
				CLANG_WARN_OBJC_LITERAL_CONVERSION = YES;
				CLANG_WARN_OBJC_ROOT_CLASS = YES_ERROR;
				CLANG_WARN_QUOTED_INCLUDE_IN_FRAMEWORK_HEADER = YES;
				CLANG_WARN_RANGE_LOOP_ANALYSIS = YES;
				CLANG_WARN_STRICT_PROTOTYPES = YES;
				CLANG_WARN_SUSPICIOUS_MOVE = YES;
				CLANG_WARN_UNGUARDED_AVAILABILITY = YES_AGGRESSIVE;
				CLANG_WARN_UNREACHABLE_CODE = YES;
				CLANG_WARN__DUPLICATE_METHOD_MATCH = YES;
				COPY_PHASE_STRIP = NO;
				DEBUG_INFORMATION_FORMAT = "dwarf-with-dsym";
				ENABLE_NS_ASSERTIONS = NO;
				ENABLE_STRICT_OBJC_MSGSEND = YES;
				GCC_C_LANGUAGE_STANDARD = gnu11;
				GCC_NO_COMMON_BLOCKS = YES;
				GCC_WARN_64_TO_32_BIT_CONVERSION = YES;
				GCC_WARN_ABOUT_RETURN_TYPE = YES_ERROR;
				GCC_WARN_UNDECLARED_SELECTOR = YES;
				GCC_WARN_UNINITIALIZED_AUTOS = YES_AGGRESSIVE;
				GCC_WARN_UNUSED_FUNCTION = YES;
				GCC_WARN_UNUSED_VARIABLE = YES;
				IPHONEOS_DEPLOYMENT_TARGET = 16.4;
				MTL_ENABLE_DEBUG_INFO = NO;
				MTL_FAST_MATH = YES;
				SDKROOT = iphoneos;
				SWIFT_COMPILATION_MODE = wholemodule;
				SWIFT_OPTIMIZATION_LEVEL = "-O";
				VALIDATE_PRODUCT = YES;
			};
			name = Release;
		};
		8B6C3A222A1902A6000126BA /* Debug */ = {
			isa = XCBuildConfiguration;
			buildSettings = {
				ASSETCATALOG_COMPILER_APPICON_NAME = AppIcon;
				ASSETCATALOG_COMPILER_GLOBAL_ACCENT_COLOR_NAME = AccentColor;
				CODE_SIGN_STYLE = Automatic;
				CURRENT_PROJECT_VERSION = 1;
				DEVELOPMENT_ASSET_PATHS = "\"Slot Machine/Preview Content\"";
				DEVELOPMENT_TEAM = R55SB7N5G9;
				ENABLE_PREVIEWS = YES;
				GENERATE_INFOPLIST_FILE = YES;
				INFOPLIST_FILE = "Slot-Machine-Info.plist";
				INFOPLIST_KEY_UIApplicationSceneManifest_Generation = YES;
				INFOPLIST_KEY_UIApplicationSupportsIndirectInputEvents = YES;
				INFOPLIST_KEY_UISupportedInterfaceOrientations_iPad = "UIInterfaceOrientationPortrait UIInterfaceOrientationPortraitUpsideDown UIInterfaceOrientationLandscapeLeft UIInterfaceOrientationLandscapeRight";
				INFOPLIST_KEY_UISupportedInterfaceOrientations_iPhone = "UIInterfaceOrientationPortrait UIInterfaceOrientationLandscapeLeft UIInterfaceOrientationLandscapeRight";
				IPHONEOS_DEPLOYMENT_TARGET = 14.0;
				LD_RUNPATH_SEARCH_PATHS = (
					"$(inherited)",
					"@executable_path/Frameworks",
				);
				MARKETING_VERSION = 1.0;
				PRODUCT_BUNDLE_IDENTIFIER = "dev.slashapp.Slot-Machine";
				PRODUCT_NAME = "$(TARGET_NAME)";
				SWIFT_EMIT_LOC_STRINGS = YES;
				SWIFT_VERSION = 5.0;
				TARGETED_DEVICE_FAMILY = "1,2";
			};
			name = Debug;
		};
		8B6C3A232A1902A6000126BA /* Release */ = {
			isa = XCBuildConfiguration;
			buildSettings = {
				ASSETCATALOG_COMPILER_APPICON_NAME = AppIcon;
				ASSETCATALOG_COMPILER_GLOBAL_ACCENT_COLOR_NAME = AccentColor;
				CODE_SIGN_STYLE = Automatic;
				CURRENT_PROJECT_VERSION = 1;
				DEVELOPMENT_ASSET_PATHS = "\"Slot Machine/Preview Content\"";
				DEVELOPMENT_TEAM = R55SB7N5G9;
				ENABLE_PREVIEWS = YES;
				GENERATE_INFOPLIST_FILE = YES;
				INFOPLIST_FILE = "Slot-Machine-Info.plist";
				INFOPLIST_KEY_UIApplicationSceneManifest_Generation = YES;
				INFOPLIST_KEY_UIApplicationSupportsIndirectInputEvents = YES;
				INFOPLIST_KEY_UISupportedInterfaceOrientations_iPad = "UIInterfaceOrientationPortrait UIInterfaceOrientationPortraitUpsideDown UIInterfaceOrientationLandscapeLeft UIInterfaceOrientationLandscapeRight";
				INFOPLIST_KEY_UISupportedInterfaceOrientations_iPhone = "UIInterfaceOrientationPortrait UIInterfaceOrientationLandscapeLeft UIInterfaceOrientationLandscapeRight";
				IPHONEOS_DEPLOYMENT_TARGET = 14.0;
				LD_RUNPATH_SEARCH_PATHS = (
					"$(inherited)",
					"@executable_path/Frameworks",
				);
				MARKETING_VERSION = 1.0;
				PRODUCT_BUNDLE_IDENTIFIER = "dev.slashapp.Slot-Machine";
				PRODUCT_NAME = "$(TARGET_NAME)";
				SWIFT_EMIT_LOC_STRINGS = YES;
				SWIFT_VERSION = 5.0;
				TARGETED_DEVICE_FAMILY = "1,2";
			};
			name = Release;
		};
/* End XCBuildConfiguration section */

/* Begin XCConfigurationList section */
		8B6C3A0E2A1902A5000126BA /* Build configuration list for PBXProject "Slot Machine" */ = {
			isa = XCConfigurationList;
			buildConfigurations = (
				8B6C3A1F2A1902A6000126BA /* Debug */,
				8B6C3A202A1902A6000126BA /* Release */,
			);
			defaultConfigurationIsVisible = 0;
			defaultConfigurationName = Release;
		};
		8B6C3A212A1902A6000126BA /* Build configuration list for PBXNativeTarget "Slot Machine" */ = {
			isa = XCConfigurationList;
			buildConfigurations = (
				8B6C3A222A1902A6000126BA /* Debug */,
				8B6C3A232A1902A6000126BA /* Release */,
			);
			defaultConfigurationIsVisible = 0;
			defaultConfigurationName = Release;
		};
/* End XCConfigurationList section */
	};
	rootObject = 8B6C3A0B2A1902A5000126BA /* Project object */;
}
